// !$*UTF8*$!
{
	archiveVersion = 1;
	classes = {
	};
	objectVersion = 46;
	objects = {

/* Begin PBXBuildFile section */
		BA171A311E5F5B5000B45E6E /* CrossFitViewController.swift in Sources */ = {isa = PBXBuildFile; fileRef = BA171A301E5F5B5000B45E6E /* CrossFitViewController.swift */; };
		BA28679D1E3BAFA200D1811A /* AppDelegate.swift in Sources */ = {isa = PBXBuildFile; fileRef = BA28679C1E3BAFA200D1811A /* AppDelegate.swift */; };
		BA2867A41E3BAFA200D1811A /* Main.storyboard in Resources */ = {isa = PBXBuildFile; fileRef = BA2867A21E3BAFA200D1811A /* Main.storyboard */; };
		BA2867A91E3BAFA200D1811A /* LaunchScreen.storyboard in Resources */ = {isa = PBXBuildFile; fileRef = BA2867A71E3BAFA200D1811A /* LaunchScreen.storyboard */; };
		BA2867B11E3EAA9F00D1811A /* Assets.xcassets in Resources */ = {isa = PBXBuildFile; fileRef = BA2867A51E3BAFA200D1811A /* Assets.xcassets */; };
		BAA138CB1E6F52E600CB92D6 /* WorkoutTableViewController.swift in Sources */ = {isa = PBXBuildFile; fileRef = BAA138CA1E6F52E600CB92D6 /* WorkoutTableViewController.swift */; };
		BAA138CF1E6F68AE00CB92D6 /* AddToViewController.swift in Sources */ = {isa = PBXBuildFile; fileRef = BAA138CE1E6F68AE00CB92D6 /* AddToViewController.swift */; };
		BACCDB6F1E41B3910088D345 /* ProfileViewController.swift in Sources */ = {isa = PBXBuildFile; fileRef = BACCDB6E1E41B3910088D345 /* ProfileViewController.swift */; };
		BACCDB711E4242810088D345 /* WorkoutTypeViewController.swift in Sources */ = {isa = PBXBuildFile; fileRef = BACCDB701E4242810088D345 /* WorkoutTypeViewController.swift */; };
		BACCDB731E4242970088D345 /* NutritionViewController.swift in Sources */ = {isa = PBXBuildFile; fileRef = BACCDB721E4242970088D345 /* NutritionViewController.swift */; };
		BACCDB751E4242A50088D345 /* ProgressViewController.swift in Sources */ = {isa = PBXBuildFile; fileRef = BACCDB741E4242A50088D345 /* ProgressViewController.swift */; };
		BACCDB771E42432B0088D345 /* CaliperCalcViewController.swift in Sources */ = {isa = PBXBuildFile; fileRef = BACCDB761E42432B0088D345 /* CaliperCalcViewController.swift */; };
/* End PBXBuildFile section */

/* Begin PBXFileReference section */
		BA171A301E5F5B5000B45E6E /* CrossFitViewController.swift */ = {isa = PBXFileReference; fileEncoding = 4; lastKnownFileType = sourcecode.swift; path = CrossFitViewController.swift; sourceTree = "<group>"; };
		BA2867991E3BAFA200D1811A /* OnPoint Workouts.app */ = {isa = PBXFileReference; explicitFileType = wrapper.application; includeInIndex = 0; path = "OnPoint Workouts.app"; sourceTree = BUILT_PRODUCTS_DIR; };
		BA28679C1E3BAFA200D1811A /* AppDelegate.swift */ = {isa = PBXFileReference; lastKnownFileType = sourcecode.swift; path = AppDelegate.swift; sourceTree = "<group>"; };
		BA2867A31E3BAFA200D1811A /* Base */ = {isa = PBXFileReference; lastKnownFileType = file.storyboard; name = Base; path = Base.lproj/Main.storyboard; sourceTree = "<group>"; };
		BA2867A51E3BAFA200D1811A /* Assets.xcassets */ = {isa = PBXFileReference; lastKnownFileType = folder.assetcatalog; name = Assets.xcassets; path = "/Users/Bret/Desktop/OnPoint Workouts/OnPoint Workouts/Assets.xcassets"; sourceTree = "<absolute>"; };
		BA2867A81E3BAFA200D1811A /* Base */ = {isa = PBXFileReference; lastKnownFileType = file.storyboard; name = Base; path = Base.lproj/LaunchScreen.storyboard; sourceTree = "<group>"; };
		BA2867AA1E3BAFA200D1811A /* Info.plist */ = {isa = PBXFileReference; lastKnownFileType = text.plist.xml; path = Info.plist; sourceTree = "<group>"; };
		BAA138CA1E6F52E600CB92D6 /* WorkoutTableViewController.swift */ = {isa = PBXFileReference; fileEncoding = 4; lastKnownFileType = sourcecode.swift; path = WorkoutTableViewController.swift; sourceTree = "<group>"; };
		BAA138CE1E6F68AE00CB92D6 /* AddToViewController.swift */ = {isa = PBXFileReference; fileEncoding = 4; lastKnownFileType = sourcecode.swift; path = AddToViewController.swift; sourceTree = "<group>"; };
		BACCDB691E41AE4A0088D345 /* en */ = {isa = PBXFileReference; lastKnownFileType = text.plist.strings; name = en; path = en.lproj/Main.strings; sourceTree = "<group>"; };
		BACCDB6E1E41B3910088D345 /* ProfileViewController.swift */ = {isa = PBXFileReference; fileEncoding = 4; lastKnownFileType = sourcecode.swift; name = ProfileViewController.swift; path = ../ProfileViewController.swift; sourceTree = "<group>"; };
		BACCDB701E4242810088D345 /* WorkoutTypeViewController.swift */ = {isa = PBXFileReference; fileEncoding = 4; lastKnownFileType = sourcecode.swift; name = WorkoutTypeViewController.swift; path = ../WorkoutTypeViewController.swift; sourceTree = "<group>"; };
		BACCDB721E4242970088D345 /* NutritionViewController.swift */ = {isa = PBXFileReference; fileEncoding = 4; lastKnownFileType = sourcecode.swift; name = NutritionViewController.swift; path = ../NutritionViewController.swift; sourceTree = "<group>"; };
		BACCDB741E4242A50088D345 /* ProgressViewController.swift */ = {isa = PBXFileReference; fileEncoding = 4; lastKnownFileType = sourcecode.swift; name = ProgressViewController.swift; path = ../ProgressViewController.swift; sourceTree = "<group>"; };
		BACCDB761E42432B0088D345 /* CaliperCalcViewController.swift */ = {isa = PBXFileReference; fileEncoding = 4; lastKnownFileType = sourcecode.swift; name = CaliperCalcViewController.swift; path = ../CaliperCalcViewController.swift; sourceTree = "<group>"; };
/* End PBXFileReference section */

/* Begin PBXFrameworksBuildPhase section */
		BA2867961E3BAFA200D1811A /* Frameworks */ = {
			isa = PBXFrameworksBuildPhase;
			buildActionMask = 2147483647;
			files = (
			);
			runOnlyForDeploymentPostprocessing = 0;
		};
/* End PBXFrameworksBuildPhase section */

/* Begin PBXGroup section */
		BA2867901E3BAFA200D1811A = {
			isa = PBXGroup;
			children = (
				BA28679B1E3BAFA200D1811A /* OnPoint Workouts */,
				BA28679A1E3BAFA200D1811A /* Products */,
			);
			sourceTree = "<group>";
		};
		BA28679A1E3BAFA200D1811A /* Products */ = {
			isa = PBXGroup;
			children = (
				BA2867991E3BAFA200D1811A /* OnPoint Workouts.app */,
			);
			name = Products;
			sourceTree = "<group>";
		};
		BA28679B1E3BAFA200D1811A /* OnPoint Workouts */ = {
			isa = PBXGroup;
			children = (
				BA28679C1E3BAFA200D1811A /* AppDelegate.swift */,
				BACCDB701E4242810088D345 /* WorkoutTypeViewController.swift */,
				BA171A301E5F5B5000B45E6E /* CrossFitViewController.swift */,
				BACCDB721E4242970088D345 /* NutritionViewController.swift */,
				BACCDB741E4242A50088D345 /* ProgressViewController.swift */,
				BACCDB6E1E41B3910088D345 /* ProfileViewController.swift */,
				BACCDB761E42432B0088D345 /* CaliperCalcViewController.swift */,
				BAA138CA1E6F52E600CB92D6 /* WorkoutTableViewController.swift */,
				BAA138CE1E6F68AE00CB92D6 /* AddToViewController.swift */,
				BA2867A21E3BAFA200D1811A /* Main.storyboard */,
				BA2867A51E3BAFA200D1811A /* Assets.xcassets */,
				BA2867A71E3BAFA200D1811A /* LaunchScreen.storyboard */,
				BA2867AA1E3BAFA200D1811A /* Info.plist */,
			);
			path = "OnPoint Workouts";
			sourceTree = "<group>";
		};
/* End PBXGroup section */

/* Begin PBXNativeTarget section */
		BA2867981E3BAFA200D1811A /* OnPoint Workouts */ = {
			isa = PBXNativeTarget;
			buildConfigurationList = BA2867AD1E3BAFA200D1811A /* Build configuration list for PBXNativeTarget "OnPoint Workouts" */;
			buildPhases = (
				BA2867951E3BAFA200D1811A /* Sources */,
				BA2867961E3BAFA200D1811A /* Frameworks */,
				BA2867971E3BAFA200D1811A /* Resources */,
			);
			buildRules = (
			);
			dependencies = (
			);
			name = "OnPoint Workouts";
			productName = "OnPoint Workouts";
			productReference = BA2867991E3BAFA200D1811A /* OnPoint Workouts.app */;
			productType = "com.apple.product-type.application";
		};
/* End PBXNativeTarget section */

/* Begin PBXProject section */
		BA2867911E3BAFA200D1811A /* Project object */ = {
			isa = PBXProject;
			attributes = {
				LastSwiftUpdateCheck = 0820;
				LastUpgradeCheck = 0820;
				ORGANIZATIONNAME = "OnPoint Workouts";
				TargetAttributes = {
					BA2867981E3BAFA200D1811A = {
						CreatedOnToolsVersion = 8.2.1;
						DevelopmentTeam = 97JHD8TL8C;
						ProvisioningStyle = Automatic;
					};
				};
			};
			buildConfigurationList = BA2867941E3BAFA200D1811A /* Build configuration list for PBXProject "OnPoint Workouts" */;
			compatibilityVersion = "Xcode 3.2";
			developmentRegion = English;
			hasScannedForEncodings = 0;
			knownRegions = (
				en,
				Base,
			);
			mainGroup = BA2867901E3BAFA200D1811A;
			productRefGroup = BA28679A1E3BAFA200D1811A /* Products */;
			projectDirPath = "";
			projectRoot = "";
			targets = (
				BA2867981E3BAFA200D1811A /* OnPoint Workouts */,
			);
		};
/* End PBXProject section */

/* Begin PBXResourcesBuildPhase section */
		BA2867971E3BAFA200D1811A /* Resources */ = {
			isa = PBXResourcesBuildPhase;
			buildActionMask = 2147483647;
			files = (
				BA2867A91E3BAFA200D1811A /* LaunchScreen.storyboard in Resources */,
				BA2867B11E3EAA9F00D1811A /* Assets.xcassets in Resources */,
				BA2867A41E3BAFA200D1811A /* Main.storyboard in Resources */,
			);
			runOnlyForDeploymentPostprocessing = 0;
		};
/* End PBXResourcesBuildPhase section */

/* Begin PBXSourcesBuildPhase section */
		BA2867951E3BAFA200D1811A /* Sources */ = {
			isa = PBXSourcesBuildPhase;
			buildActionMask = 2147483647;
			files = (
				BACCDB751E4242A50088D345 /* ProgressViewController.swift in Sources */,
				BAA138CF1E6F68AE00CB92D6 /* AddToViewController.swift in Sources */,
				BACCDB6F1E41B3910088D345 /* ProfileViewController.swift in Sources */,
				BAA138CB1E6F52E600CB92D6 /* WorkoutTableViewController.swift in Sources */,
				BA28679D1E3BAFA200D1811A /* AppDelegate.swift in Sources */,
				BACCDB711E4242810088D345 /* WorkoutTypeViewController.swift in Sources */,
				BACCDB771E42432B0088D345 /* CaliperCalcViewController.swift in Sources */,
				BA171A311E5F5B5000B45E6E /* CrossFitViewController.swift in Sources */,
				BACCDB731E4242970088D345 /* NutritionViewController.swift in Sources */,
			);
			runOnlyForDeploymentPostprocessing = 0;
		};
/* End PBXSourcesBuildPhase section */

/* Begin PBXVariantGroup section */
		BA2867A21E3BAFA200D1811A /* Main.storyboard */ = {
			isa = PBXVariantGroup;
			children = (
				BA2867A31E3BAFA200D1811A /* Base */,
				BACCDB691E41AE4A0088D345 /* en */,
			);
			name = Main.storyboard;
			sourceTree = "<group>";
		};
		BA2867A71E3BAFA200D1811A /* LaunchScreen.storyboard */ = {
			isa = PBXVariantGroup;
			children = (
				BA2867A81E3BAFA200D1811A /* Base */,
			);
			name = LaunchScreen.storyboard;
			sourceTree = "<group>";
		};
/* End PBXVariantGroup section */

/* Begin XCBuildConfiguration section */
		BA2867AB1E3BAFA200D1811A /* Debug */ = {
			isa = XCBuildConfiguration;
			buildSettings = {
				ALWAYS_SEARCH_USER_PATHS = NO;
				CLANG_ANALYZER_NONNULL = YES;
				CLANG_CXX_LANGUAGE_STANDARD = "gnu++0x";
				CLANG_CXX_LIBRARY = "libc++";
				CLANG_ENABLE_MODULES = YES;
				CLANG_ENABLE_OBJC_ARC = YES;
				CLANG_WARN_BOOL_CONVERSION = YES;
				CLANG_WARN_CONSTANT_CONVERSION = YES;
				CLANG_WARN_DIRECT_OBJC_ISA_USAGE = YES_ERROR;
				CLANG_WARN_DOCUMENTATION_COMMENTS = YES;
				CLANG_WARN_EMPTY_BODY = YES;
				CLANG_WARN_ENUM_CONVERSION = YES;
				CLANG_WARN_INFINITE_RECURSION = YES;
				CLANG_WARN_INT_CONVERSION = YES;
				CLANG_WARN_OBJC_ROOT_CLASS = YES_ERROR;
				CLANG_WARN_SUSPICIOUS_MOVE = YES;
				CLANG_WARN_UNREACHABLE_CODE = YES;
				CLANG_WARN__DUPLICATE_METHOD_MATCH = YES;
				"CODE_SIGN_IDENTITY[sdk=iphoneos*]" = "iPhone Developer";
				COPY_PHASE_STRIP = NO;
				DEBUG_INFORMATION_FORMAT = dwarf;
				ENABLE_STRICT_OBJC_MSGSEND = YES;
				ENABLE_TESTABILITY = YES;
				GCC_C_LANGUAGE_STANDARD = gnu99;
				GCC_DYNAMIC_NO_PIC = NO;
				GCC_NO_COMMON_BLOCKS = YES;
				GCC_OPTIMIZATION_LEVEL = 0;
				GCC_PREPROCESSOR_DEFINITIONS = (
					"DEBUG=1",
					"$(inherited)",
				);
				GCC_WARN_64_TO_32_BIT_CONVERSION = YES;
				GCC_WARN_ABOUT_RETURN_TYPE = YES_ERROR;
				GCC_WARN_UNDECLARED_SELECTOR = YES;
				GCC_WARN_UNINITIALIZED_AUTOS = YES_AGGRESSIVE;
				GCC_WARN_UNUSED_FUNCTION = YES;
				GCC_WARN_UNUSED_VARIABLE = YES;
				IPHONEOS_DEPLOYMENT_TARGET = 10.2;
				MTL_ENABLE_DEBUG_INFO = YES;
				ONLY_ACTIVE_ARCH = YES;
				SDKROOT = iphoneos;
				SWIFT_ACTIVE_COMPILATION_CONDITIONS = DEBUG;
				SWIFT_OPTIMIZATION_LEVEL = "-Onone";
			};
			name = Debug;
		};
		BA2867AC1E3BAFA200D1811A /* Release */ = {
			isa = XCBuildConfiguration;
			buildSettings = {
				ALWAYS_SEARCH_USER_PATHS = NO;
				CLANG_ANALYZER_NONNULL = YES;
				CLANG_CXX_LANGUAGE_STANDARD = "gnu++0x";
				CLANG_CXX_LIBRARY = "libc++";
				CLANG_ENABLE_MODULES = YES;
				CLANG_ENABLE_OBJC_ARC = YES;
				CLANG_WARN_BOOL_CONVERSION = YES;
				CLANG_WARN_CONSTANT_CONVERSION = YES;
				CLANG_WARN_DIRECT_OBJC_ISA_USAGE = YES_ERROR;
				CLANG_WARN_DOCUMENTATION_COMMENTS = YES;
				CLANG_WARN_EMPTY_BODY = YES;
				CLANG_WARN_ENUM_CONVERSION = YES;
				CLANG_WARN_INFINITE_RECURSION = YES;
				CLANG_WARN_INT_CONVERSION = YES;
				CLANG_WARN_OBJC_ROOT_CLASS = YES_ERROR;
				CLANG_WARN_SUSPICIOUS_MOVE = YES;
				CLANG_WARN_UNREACHABLE_CODE = YES;
				CLANG_WARN__DUPLICATE_METHOD_MATCH = YES;
				"CODE_SIGN_IDENTITY[sdk=iphoneos*]" = "iPhone Developer";
				COPY_PHASE_STRIP = NO;
				DEBUG_INFORMATION_FORMAT = "dwarf-with-dsym";
				ENABLE_NS_ASSERTIONS = NO;
				ENABLE_STRICT_OBJC_MSGSEND = YES;
				GCC_C_LANGUAGE_STANDARD = gnu99;
				GCC_NO_COMMON_BLOCKS = YES;
				GCC_WARN_64_TO_32_BIT_CONVERSION = YES;
				GCC_WARN_ABOUT_RETURN_TYPE = YES_ERROR;
				GCC_WARN_UNDECLARED_SELECTOR = YES;
				GCC_WARN_UNINITIALIZED_AUTOS = YES_AGGRESSIVE;
				GCC_WARN_UNUSED_FUNCTION = YES;
				GCC_WARN_UNUSED_VARIABLE = YES;
				IPHONEOS_DEPLOYMENT_TARGET = 10.2;
				MTL_ENABLE_DEBUG_INFO = NO;
				SDKROOT = iphoneos;
				SWIFT_OPTIMIZATION_LEVEL = "-Owholemodule";
				VALIDATE_PRODUCT = YES;
			};
			name = Release;
		};
		BA2867AE1E3BAFA200D1811A /* Debug */ = {
			isa = XCBuildConfiguration;
			buildSettings = {
				ASSETCATALOG_COMPILER_APPICON_NAME = AppIcon;
				DEVELOPMENT_TEAM = 97JHD8TL8C;
				INFOPLIST_FILE = "OnPoint Workouts/Info.plist";
				LD_RUNPATH_SEARCH_PATHS = "$(inherited) @executable_path/Frameworks";
				PRODUCT_BUNDLE_IDENTIFIER = "com.test.OnPoint-Workouts";
				PRODUCT_NAME = "$(TARGET_NAME)";
				SWIFT_VERSION = 3.0;
			};
			name = Debug;
		};
		BA2867AF1E3BAFA200D1811A /* Release */ = {
			isa = XCBuildConfiguration;
			buildSettings = {
				ASSETCATALOG_COMPILER_APPICON_NAME = AppIcon;
				DEVELOPMENT_TEAM = 97JHD8TL8C;
				INFOPLIST_FILE = "OnPoint Workouts/Info.plist";
				LD_RUNPATH_SEARCH_PATHS = "$(inherited) @executable_path/Frameworks";
				PRODUCT_BUNDLE_IDENTIFIER = "com.test.OnPoint-Workouts";
				PRODUCT_NAME = "$(TARGET_NAME)";
				SWIFT_VERSION = 3.0;
			};
			name = Release;
		};
/* End XCBuildConfiguration section */

/* Begin XCConfigurationList section */
		BA2867941E3BAFA200D1811A /* Build configuration list for PBXProject "OnPoint Workouts" */ = {
			isa = XCConfigurationList;
			buildConfigurations = (
				BA2867AB1E3BAFA200D1811A /* Debug */,
				BA2867AC1E3BAFA200D1811A /* Release */,
			);
			defaultConfigurationIsVisible = 0;
			defaultConfigurationName = Release;
		};
		BA2867AD1E3BAFA200D1811A /* Build configuration list for PBXNativeTarget "OnPoint Workouts" */ = {
			isa = XCConfigurationList;
			buildConfigurations = (
				BA2867AE1E3BAFA200D1811A /* Debug */,
				BA2867AF1E3BAFA200D1811A /* Release */,
			);
			defaultConfigurationIsVisible = 0;
			defaultConfigurationName = Release;
		};
/* End XCConfigurationList section */
	};
	rootObject = BA2867911E3BAFA200D1811A /* Project object */;
}
